
Microsoft Visual Studio Solution File, Format Version 12.00
# Visual Studio 15
VisualStudioVersion = 15.0.26730.12
MinimumVisualStudioVersion = 10.0.40219.1
Project("{FAE04EC0-301F-11D3-BF4B-00C04F79EFBC}") = "Teste_HubFintech", "Teste_HubFintech\Teste_HubFintech.csproj", "{B3267007-EB0F-4A04-94AB-DED20E0AD6D1}"
EndProject
Project("{FAE04EC0-301F-11D3-BF4B-00C04F79EFBC}") = "Teste_HubFintech.Tests", "Teste_HubFintech.Tests\Teste_HubFintech.Tests.csproj", "{BF3402D7-26F1-47B8-8B6A-6DE74CED9E84}"
EndProject
Project("{FAE04EC0-301F-11D3-BF4B-00C04F79EFBC}") = "Teste_HubFintech.Data", "Teste_HubFintech.Data\Teste_HubFintech.Data.csproj", "{95F8EE54-D518-44CA-B77D-6E9C185AAFF3}"
EndProject
Project("{FAE04EC0-301F-11D3-BF4B-00C04F79EFBC}") = "Teste_HubFintech.Model", "Teste_HubFintech.Model\Teste_HubFintech.Model.csproj", "{AD642D5F-0F8E-464D-99F0-60796DFC4150}"
EndProject
Project("{FAE04EC0-301F-11D3-BF4B-00C04F79EFBC}") = "Teste_HubFintech.Business", "Teste_HubFintech.Business\Teste_HubFintech.Business.csproj", "{9AAB2F70-7527-4640-A506-111695BB6502}"
EndProject
Global
	GlobalSection(SolutionConfigurationPlatforms) = preSolution
		Debug|Any CPU = Debug|Any CPU
		Release|Any CPU = Release|Any CPU
	EndGlobalSection
	GlobalSection(ProjectConfigurationPlatforms) = postSolution
		{B3267007-EB0F-4A04-94AB-DED20E0AD6D1}.Debug|Any CPU.ActiveCfg = Debug|Any CPU
		{B3267007-EB0F-4A04-94AB-DED20E0AD6D1}.Debug|Any CPU.Build.0 = Debug|Any CPU
		{B3267007-EB0F-4A04-94AB-DED20E0AD6D1}.Release|Any CPU.ActiveCfg = Release|Any CPU
		{B3267007-EB0F-4A04-94AB-DED20E0AD6D1}.Release|Any CPU.Build.0 = Release|Any CPU
		{BF3402D7-26F1-47B8-8B6A-6DE74CED9E84}.Debug|Any CPU.ActiveCfg = Debug|Any CPU
		{BF3402D7-26F1-47B8-8B6A-6DE74CED9E84}.Debug|Any CPU.Build.0 = Debug|Any CPU
		{BF3402D7-26F1-47B8-8B6A-6DE74CED9E84}.Release|Any CPU.ActiveCfg = Release|Any CPU
		{BF3402D7-26F1-47B8-8B6A-6DE74CED9E84}.Release|Any CPU.Build.0 = Release|Any CPU
		{95F8EE54-D518-44CA-B77D-6E9C185AAFF3}.Debug|Any CPU.ActiveCfg = Debug|Any CPU
		{95F8EE54-D518-44CA-B77D-6E9C185AAFF3}.Debug|Any CPU.Build.0 = Debug|Any CPU
		{95F8EE54-D518-44CA-B77D-6E9C185AAFF3}.Release|Any CPU.ActiveCfg = Release|Any CPU
		{95F8EE54-D518-44CA-B77D-6E9C185AAFF3}.Release|Any CPU.Build.0 = Release|Any CPU
		{AD642D5F-0F8E-464D-99F0-60796DFC4150}.Debug|Any CPU.ActiveCfg = Debug|Any CPU
		{AD642D5F-0F8E-464D-99F0-60796DFC4150}.Debug|Any CPU.Build.0 = Debug|Any CPU
		{AD642D5F-0F8E-464D-99F0-60796DFC4150}.Release|Any CPU.ActiveCfg = Release|Any CPU
		{AD642D5F-0F8E-464D-99F0-60796DFC4150}.Release|Any CPU.Build.0 = Release|Any CPU
		{9AAB2F70-7527-4640-A506-111695BB6502}.Debug|Any CPU.ActiveCfg = Debug|Any CPU
		{9AAB2F70-7527-4640-A506-111695BB6502}.Debug|Any CPU.Build.0 = Debug|Any CPU
		{9AAB2F70-7527-4640-A506-111695BB6502}.Release|Any CPU.ActiveCfg = Release|Any CPU
		{9AAB2F70-7527-4640-A506-111695BB6502}.Release|Any CPU.Build.0 = Release|Any CPU
	EndGlobalSection
	GlobalSection(SolutionProperties) = preSolution
		HideSolutionNode = FALSE
	EndGlobalSection
	GlobalSection(ExtensibilityGlobals) = postSolution
		SolutionGuid = {086EEFC5-5967-45DD-9834-5C60A45D5191}
	EndGlobalSection
EndGlobal
